{
  "name": "ToMiddleChinese",
  "lockfileVersion": 2,
  "requires": true,
  "packages": {
    "": {
      "hasInstallScript": true,
      "devDependencies": {
        "qieyun": "^0.13.5",
        "qieyun-examples": "^20220826.0.2"
      }
    },
    "node_modules/qieyun": {
      "version": "0.13.5",
      "resolved": "https://registry.npmjs.org/qieyun/-/qieyun-0.13.5.tgz",
      "integrity": "sha512-8PmODQnm6Lrbi6KmFfIundJ4xAsoBoQdbfMgfM27Kv8urTEHJya2qMFDO5rnG115rmKu9y1/i/RCGFSSOxvvmw==",
      "dev": true,
      "engines": {
        "node": ">=12"
      }
    },
    "node_modules/qieyun-examples": {
      "version": "20220826.0.2",
      "resolved": "https://registry.npmjs.org/qieyun-examples/-/qieyun-examples-20220826.0.2.tgz",
      "integrity": "sha512-yK4LSxQTT1WAAIC8e1T2Rr5WvOa19JamEL5dyLIsyHKk6Tk8zG1Unh7fviqFwB+7t46gb7zCyOhELyXoMAtkYQ==",
      "dev": true,
      "dependencies": {
        "tshet-uinh-deriver-tools": "^0.1.4"
      },
      "peerDependencies": {
        "qieyun": "^0.13.x"
      }
    },
    "node_modules/tshet-uinh-deriver-tools": {
      "version": "0.1.5",
      "resolved": "https://registry.npmjs.org/tshet-uinh-deriver-tools/-/tshet-uinh-deriver-tools-0.1.5.tgz",
      "integrity": "sha512-gRCNIqNUHqiZb/uwJ6A4ao2LDvxI4mHZxqF2OMk5wMZSGA0OJX7Q4XxskMzmYdtMk53cZhtf9t3xvAAgghd/4w==",
      "dev": true,
      "peerDependencies": {
        "qieyun": "0.13.x"
      }
    }
  },
  "dependencies": {
    "qieyun": {
      "version": "0.13.5",
      "resolved": "https://registry.npmjs.org/qieyun/-/qieyun-0.13.5.tgz",
      "integrity": "sha512-8PmODQnm6Lrbi6KmFfIundJ4xAsoBoQdbfMgfM27Kv8urTEHJya2qMFDO5rnG115rmKu9y1/i/RCGFSSOxvvmw==",
      "dev": true
    },
    "qieyun-examples": {
      "version": "20220826.0.2",
      "resolved": "https://registry.npmjs.org/qieyun-examples/-/qieyun-examples-20220826.0.2.tgz",
      "integrity": "sha512-yK4LSxQTT1WAAIC8e1T2Rr5WvOa19JamEL5dyLIsyHKk6Tk8zG1Unh7fviqFwB+7t46gb7zCyOhELyXoMAtkYQ==",
      "dev": true,
      "requires": {
        "tshet-uinh-deriver-tools": "^0.1.4"
      }
    },
    "tshet-uinh-deriver-tools": {
      "version": "0.1.5",
      "resolved": "https://registry.npmjs.org/tshet-uinh-deriver-tools/-/tshet-uinh-deriver-tools-0.1.5.tgz",
      "integrity": "sha512-gRCNIqNUHqiZb/uwJ6A4ao2LDvxI4mHZxqF2OMk5wMZSGA0OJX7Q4XxskMzmYdtMk53cZhtf9t3xvAAgghd/4w==",
      "dev": true,
      "requires": {}
    }
  }
}
